
Microsoft Visual Studio Solution File, Format Version 12.00
# Visual Studio Version 16
VisualStudioVersion = 16.0.30011.22
MinimumVisualStudioVersion = 10.0.40219.1
Project("{FAE04EC0-301F-11D3-BF4B-00C04F79EFBC}") = "t11sqlbroker", "t11sqlbroker.csproj", "{BFB1AD58-63D5-4F11-8DC3-D59DDBD36CB0}"
EndProject
Global
	GlobalSection(SolutionConfigurationPlatforms) = preSolution
		Debug|Any CPU = Debug|Any CPU
		Release|Any CPU = Release|Any CPU
	EndGlobalSection
	GlobalSection(ProjectConfigurationPlatforms) = postSolution
		{BFB1AD58-63D5-4F11-8DC3-D59DDBD36CB0}.Debug|Any CPU.ActiveCfg = Debug|Any CPU
		{BFB1AD58-63D5-4F11-8DC3-D59DDBD36CB0}.Debug|Any CPU.Build.0 = Debug|Any CPU
		{BFB1AD58-63D5-4F11-8DC3-D59DDBD36CB0}.Release|Any CPU.ActiveCfg = Release|Any CPU
		{BFB1AD58-63D5-4F11-8DC3-D59DDBD36CB0}.Release|Any CPU.Build.0 = Release|Any CPU
	EndGlobalSection
	GlobalSection(SolutionProperties) = preSolution
		HideSolutionNode = FALSE
	EndGlobalSection
	GlobalSection(ExtensibilityGlobals) = postSolution
		SolutionGuid = {EDAC3F8A-589E-4428-BAAC-53BA50C0105D}
	EndGlobalSection
EndGlobal
